{
  "requires": true,
  "lockfileVersion": 1,
  "dependencies": {
    "react-flexy-table": {
      "version": "1.1.1",
      "resolved": "https://registry.npmjs.org/react-flexy-table/-/react-flexy-table-1.1.1.tgz",
      "integrity": "sha512-4Ge8eTGvaCOtVbZp3fCDaeaYy+H3eWxiOAD6qJ9tPzoplS25lazESsmwwM462g1uq4/fluwWJM0sVF2uqyWbKg=="
    }
  }
}
